
Microsoft Visual Studio Solution File, Format Version 12.00
# Visual Studio Version 17
VisualStudioVersion = 17.13.35919.96 d17.13
MinimumVisualStudioVersion = 10.0.40219.1
Project("{FAE04EC0-301F-11D3-BF4B-00C04F79EFBC}") = "WinFormsApp2", "WinFormsApp2\WinFormsApp2.csproj", "{2A9D756F-2068-4E47-8CEB-287B3E4EF6C9}"
EndProject
Global
	GlobalSection(SolutionConfigurationPlatforms) = preSolution
		Debug|Any CPU = Debug|Any CPU
		Release|Any CPU = Release|Any CPU
	EndGlobalSection
	GlobalSection(ProjectConfigurationPlatforms) = postSolution
		{2A9D756F-2068-4E47-8CEB-287B3E4EF6C9}.Debug|Any CPU.ActiveCfg = Debug|Any CPU
		{2A9D756F-2068-4E47-8CEB-287B3E4EF6C9}.Debug|Any CPU.Build.0 = Debug|Any CPU
		{2A9D756F-2068-4E47-8CEB-287B3E4EF6C9}.Release|Any CPU.ActiveCfg = Release|Any CPU
		{2A9D756F-2068-4E47-8CEB-287B3E4EF6C9}.Release|Any CPU.Build.0 = Release|Any CPU
	EndGlobalSection
	GlobalSection(SolutionProperties) = preSolution
		HideSolutionNode = FALSE
	EndGlobalSection
	GlobalSection(ExtensibilityGlobals) = postSolution
		SolutionGuid = {3F71F3E0-D74D-4260-B459-F39B35295EA0}
	EndGlobalSection
EndGlobal
